{
  "name": "OMNodeJS-master",
  "lockfileVersion": 2,
  "requires": true,
  "packages": {
    "": {
      "dependencies": {
        "corba.js": "^0.0.12"
      }
    },
    "node_modules/corba.js": {
      "version": "0.0.12",
      "resolved": "https://registry.npmjs.org/corba.js/-/corba.js-0.0.12.tgz",
      "integrity": "sha512-2fdlzfE22sK8/CrVkehsM0Ng3QYn7bs8fYHV8jLqT/7ftXtOrcKEuXTbdAtHZ6oi0PPwsn9RZ409h9yz8Khntg==",
      "dependencies": {
        "ws": "^7.5.0"
      },
      "bin": {
        "corba-idl": "bin/corba-idl"
      }
    },
    "node_modules/ws": {
      "version": "7.5.6",
      "resolved": "https://registry.npmjs.org/ws/-/ws-7.5.6.tgz",
      "integrity": "sha512-6GLgCqo2cy2A2rjCNFlxQS6ZljG/coZfZXclldI8FB/1G3CCI36Zd8xy2HrFVACi8tfk5XrgLQEk+P0Tnz9UcA==",
      "engines": {
        "node": ">=8.3.0"
      },
      "peerDependencies": {
        "bufferutil": "^4.0.1",
        "utf-8-validate": "^5.0.2"
      },
      "peerDependenciesMeta": {
        "bufferutil": {
          "optional": true
        },
        "utf-8-validate": {
          "optional": true
        }
      }
    }
  },
  "dependencies": {
    "corba.js": {
      "version": "0.0.12",
      "resolved": "https://registry.npmjs.org/corba.js/-/corba.js-0.0.12.tgz",
      "integrity": "sha512-2fdlzfE22sK8/CrVkehsM0Ng3QYn7bs8fYHV8jLqT/7ftXtOrcKEuXTbdAtHZ6oi0PPwsn9RZ409h9yz8Khntg==",
      "requires": {
        "ws": "^7.5.0"
      }
    },
    "ws": {
      "version": "7.5.6",
      "resolved": "https://registry.npmjs.org/ws/-/ws-7.5.6.tgz",
      "integrity": "sha512-6GLgCqo2cy2A2rjCNFlxQS6ZljG/coZfZXclldI8FB/1G3CCI36Zd8xy2HrFVACi8tfk5XrgLQEk+P0Tnz9UcA==",
      "requires": {}
    }
  }
}
