{
  "name": "omnode",
  "version": "1.0.0",
  "lockfileVersion": 1,
  "requires": true,
  "dependencies": {
    "@types/node": {
      "version": "17.0.8",
      "resolved": "https://repo.huaweicloud.com/repository/npm/@types/node/-/node-17.0.8.tgz",
      "integrity": "sha512-YofkM6fGv4gDJq78g4j0mMuGMkZVxZDgtU0JRdx6FgiJDG+0fY0GKVolOV8WqVmEhLCXkQRjwDdKyPxJp/uucg==",
      "dev": true
    },
    "@types/node-uuid": {
      "version": "0.0.29",
      "resolved": "https://repo.huaweicloud.com/repository/npm/@types/node-uuid/-/node-uuid-0.0.29.tgz",
      "integrity": "sha512-aZX0KOYiYcIeKtZnpuqrU6V8gT25HRGzugYNHBPQb4Lp55QqlsMRKsKM+GTKey2+2zp6dsm3fVDnQVyDOKwGdA==",
      "dev": true,
      "requires": {
        "@types/node": "*"
      }
    },
    "@types/zeromq": {
      "version": "5.2.1",
      "resolved": "https://repo.huaweicloud.com/repository/npm/@types/zeromq/-/zeromq-5.2.1.tgz",
      "integrity": "sha512-B6fUT5ZanWEyKSmLLEA0K3zNPvVedrjL6LNZWAt1eOpNg0J2lw14ismPJeOrgPf3SzRuNhPReQWibHbnMrtRow==",
      "dev": true,
      "requires": {
        "@types/node": "*"
      }
    }
  }
}
