{
  "name": "omnodejs",
  "version": "1.0.0",
  "lockfileVersion": 1,
  "requires": true,
  "dependencies": {
    "@types/node": {
      "version": "17.0.8",
      "resolved": "https://repo.huaweicloud.com/repository/npm/@types/node/-/node-17.0.8.tgz",
      "integrity": "sha512-YofkM6fGv4gDJq78g4j0mMuGMkZVxZDgtU0JRdx6FgiJDG+0fY0GKVolOV8WqVmEhLCXkQRjwDdKyPxJp/uucg==",
      "dev": true
    },
    "@types/node-uuid": {
      "version": "0.0.29",
      "resolved": "https://repo.huaweicloud.com/repository/npm/@types/node-uuid/-/node-uuid-0.0.29.tgz",
      "integrity": "sha512-aZX0KOYiYcIeKtZnpuqrU6V8gT25HRGzugYNHBPQb4Lp55QqlsMRKsKM+GTKey2+2zp6dsm3fVDnQVyDOKwGdA==",
      "dev": true,
      "requires": {
        "@types/node": "*"
      }
    },
    "@types/zeromq": {
      "version": "5.2.1",
      "resolved": "https://repo.huaweicloud.com/repository/npm/@types/zeromq/-/zeromq-5.2.1.tgz",
      "integrity": "sha512-B6fUT5ZanWEyKSmLLEA0K3zNPvVedrjL6LNZWAt1eOpNg0J2lw14ismPJeOrgPf3SzRuNhPReQWibHbnMrtRow==",
      "dev": true,
      "requires": {
        "@types/node": "*"
      }
    },
    "corba.js": {
      "version": "0.0.12",
      "resolved": "https://repo.huaweicloud.com/repository/npm/corba.js/-/corba.js-0.0.12.tgz",
      "integrity": "sha512-2fdlzfE22sK8/CrVkehsM0Ng3QYn7bs8fYHV8jLqT/7ftXtOrcKEuXTbdAtHZ6oi0PPwsn9RZ409h9yz8Khntg==",
      "requires": {
        "ws": "^7.5.0"
      }
    },
    "node-gyp-build": {
      "version": "4.3.0",
      "resolved": "https://repo.huaweicloud.com/repository/npm/node-gyp-build/-/node-gyp-build-4.3.0.tgz",
      "integrity": "sha512-iWjXZvmboq0ja1pUGULQBexmxq8CV4xBhX7VDOTbL7ZR4FOowwY/VOtRxBN/yKxmdGoIp4j5ysNT4u3S2pDQ3Q=="
    },
    "node-uuid": {
      "version": "1.4.8",
      "resolved": "https://repo.huaweicloud.com/repository/npm/node-uuid/-/node-uuid-1.4.8.tgz",
      "integrity": "sha1-sEDrCSOWivq/jTL7HxfxFn/auQc="
    },
    "peggy": {
      "version": "1.2.0",
      "resolved": "https://repo.huaweicloud.com/repository/npm/peggy/-/peggy-1.2.0.tgz",
      "integrity": "sha512-PQ+NKpAobImfMprYQtc4Egmyi29bidRGEX0kKjCU5uuW09s0Cthwqhfy7mLkwcB4VcgacE5L/ZjruD/kOPCUUw=="
    },
    "tslib": {
      "version": "2.3.1",
      "resolved": "https://repo.huaweicloud.com/repository/npm/tslib/-/tslib-2.3.1.tgz",
      "integrity": "sha512-77EbyPPpMz+FRFRuAFlWMtmgUWGe9UOG2Z25NqCwiIjRhOf5iKGuzSe5P2w1laq+FkRy4p+PCuVkJSGkzTEKVw=="
    },
    "typescript": {
      "version": "4.5.4",
      "resolved": "https://repo.huaweicloud.com/repository/npm/typescript/-/typescript-4.5.4.tgz",
      "integrity": "sha512-VgYs2A2QIRuGphtzFV7aQJduJ2gyfTljngLzjpfW9FoYZF6xuw1W0vW9ghCKLfcWrCFxK81CSGRAvS1pn4fIUg==",
      "dev": true
    },
    "ws": {
      "version": "7.5.6",
      "resolved": "https://repo.huaweicloud.com/repository/npm/ws/-/ws-7.5.6.tgz",
      "integrity": "sha512-6GLgCqo2cy2A2rjCNFlxQS6ZljG/coZfZXclldI8FB/1G3CCI36Zd8xy2HrFVACi8tfk5XrgLQEk+P0Tnz9UcA=="
    },
    "zeromq": {
      "version": "6.0.0-beta.6",
      "resolved": "https://repo.huaweicloud.com/repository/npm/zeromq/-/zeromq-6.0.0-beta.6.tgz",
      "integrity": "sha512-wLf6M7pBHijl+BRltUL2VoDpgbQcOZetiX8UzycHL8CcYFxYnRrpoG5fi3UX3+Umavz1lk4/dGaQez8qiDgr/Q==",
      "requires": {
        "node-gyp-build": "^4.1.0"
      }
    }
  }
}
