# THIS IS AN AUTOGENERATED FILE. DO NOT EDIT THIS FILE DIRECTLY.
# yarn lockfile v1


"@types/node-uuid@^0.0.29":
  version "0.0.29"
  resolved "https://repo.huaweicloud.com/repository/npm/@types/node-uuid/-/node-uuid-0.0.29.tgz#c5f56118c683874f13d574a2c26a54d377a70625"
  integrity sha512-aZX0KOYiYcIeKtZnpuqrU6V8gT25HRGzugYNHBPQb4Lp55QqlsMRKsKM+GTKey2+2zp6dsm3fVDnQVyDOKwGdA==
  dependencies:
    "@types/node" "*"

"@types/node@*", "@types/node@^17.0.8":
  version "17.0.8"
  resolved "https://repo.huaweicloud.com/repository/npm/@types/node/-/node-17.0.8.tgz#50d680c8a8a78fe30abe6906453b21ad8ab0ad7b"
  integrity sha512-YofkM6fGv4gDJq78g4j0mMuGMkZVxZDgtU0JRdx6FgiJDG+0fY0GKVolOV8WqVmEhLCXkQRjwDdKyPxJp/uucg==

"@types/zeromq@^5.2.1":
  version "5.2.1"
  resolved "https://repo.huaweicloud.com/repository/npm/@types/zeromq/-/zeromq-5.2.1.tgz#f4316166e90fbe01e25ec6a6efa84e9bc8f91314"
  integrity sha512-B6fUT5ZanWEyKSmLLEA0K3zNPvVedrjL6LNZWAt1eOpNg0J2lw14ismPJeOrgPf3SzRuNhPReQWibHbnMrtRow==
  dependencies:
    "@types/node" "*"

nan@2.14.2:
  version "2.14.2"
  resolved "https://repo.huaweicloud.com/repository/npm/nan/-/nan-2.14.2.tgz#f5376400695168f4cc694ac9393d0c9585eeea19"
  integrity sha512-M2ufzIiINKCuDfBSAUr1vWQ+vuVcA9kqx8JJUsbQi6yf1uGRyb7HfpdfUr5qLXf3B/t8dPvcjhKMmlfnP47EzQ==

node-gyp-build@^4.2.3:
  version "4.3.0"
  resolved "https://repo.huaweicloud.com/repository/npm/node-gyp-build/-/node-gyp-build-4.3.0.tgz#9f256b03e5826150be39c764bf51e993946d71a3"
  integrity sha512-iWjXZvmboq0ja1pUGULQBexmxq8CV4xBhX7VDOTbL7ZR4FOowwY/VOtRxBN/yKxmdGoIp4j5ysNT4u3S2pDQ3Q==

node-uuid@^1.4.8:
  version "1.4.8"
  resolved "https://repo.huaweicloud.com/repository/npm/node-uuid/-/node-uuid-1.4.8.tgz#b040eb0923968afabf8d32fb1f17f1167fdab907"
  integrity sha1-sEDrCSOWivq/jTL7HxfxFn/auQc=

zeromq@5:
  version "5.2.8"
  resolved "https://repo.huaweicloud.com/repository/npm/zeromq/-/zeromq-5.2.8.tgz#94b0b85e4152e98b8bb163f1db4a34280d44d9d0"
  integrity sha512-bXzsk7KOmgLSv1tC0Ms1VXBy90+Rz27ZYf27cLuldRYbpqYpuWJfxxHFhO710t22zgWBnmdUP0m3SKFpLI0u5g==
  dependencies:
    nan "2.14.2"
    node-gyp-build "^4.2.3"
